// !$*UTF8*$!
{
	archiveVersion = 1;
	classes = {
	};
	objectVersion = 56;
	objects = {

/* Begin PBXBuildFile section */
		364A4B042C00023C0060736F /* Date+Extensions.swift in Sources */ = {isa = PBXBuildFile; fileRef = 364A4AF32C00023C0060736F /* Date+Extensions.swift */; };
		364A4B052C00023C0060736F /* Double+Extensions.swift in Sources */ = {isa = PBXBuildFile; fileRef = 364A4AF42C00023C0060736F /* Double+Extensions.swift */; };
		364A4B062C00023C0060736F /* Category.swift in Sources */ = {isa = PBXBuildFile; fileRef = 364A4AF72C00023C0060736F /* Category.swift */; };
		364A4B072C00023C0060736F /* Expense.swift in Sources */ = {isa = PBXBuildFile; fileRef = 364A4AF82C00023C0060736F /* Expense.swift */; };
		364A4B082C00023C0060736F /* SwiftData_Expense_Tracker_AppApp.swift in Sources */ = {isa = PBXBuildFile; fileRef = 364A4AFB2C00023C0060736F /* SwiftData_Expense_Tracker_AppApp.swift */; };
		364A4B092C00023C0060736F /* CategoryInputView.swift in Sources */ = {isa = PBXBuildFile; fileRef = 364A4AFD2C00023C0060736F /* CategoryInputView.swift */; };
		364A4B0A2C00023C0060736F /* DetailExpenseView.swift in Sources */ = {isa = PBXBuildFile; fileRef = 364A4AFE2C00023C0060736F /* DetailExpenseView.swift */; };
		364A4B0B2C00023C0060736F /* EntryExpenseView.swift in Sources */ = {isa = PBXBuildFile; fileRef = 364A4AFF2C00023C0060736F /* EntryExpenseView.swift */; };
		364A4B0C2C00023C0060736F /* ExpenseListView.swift in Sources */ = {isa = PBXBuildFile; fileRef = 364A4B002C00023C0060736F /* ExpenseListView.swift */; };
		364A4B0D2C00023C0060736F /* Assets.xcassets in Resources */ = {isa = PBXBuildFile; fileRef = 364A4B022C00023C0060736F /* Assets.xcassets */; };
		364A4B0F2C0003560060736F /* ContentView.swift in Sources */ = {isa = PBXBuildFile; fileRef = 364A4B0E2C0003560060736F /* ContentView.swift */; };
		36D1271E2BFF8F9C00CEB7D4 /* Preview Assets.xcassets in Resources */ = {isa = PBXBuildFile; fileRef = 36D1271D2BFF8F9C00CEB7D4 /* Preview Assets.xcassets */; };
/* End PBXBuildFile section */

/* Begin PBXFileReference section */
		364A4AF32C00023C0060736F /* Date+Extensions.swift */ = {isa = PBXFileReference; fileEncoding = 4; lastKnownFileType = sourcecode.swift; path = "Date+Extensions.swift"; sourceTree = "<group>"; };
		364A4AF42C00023C0060736F /* Double+Extensions.swift */ = {isa = PBXFileReference; fileEncoding = 4; lastKnownFileType = sourcecode.swift; path = "Double+Extensions.swift"; sourceTree = "<group>"; };
		364A4AF72C00023C0060736F /* Category.swift */ = {isa = PBXFileReference; fileEncoding = 4; lastKnownFileType = sourcecode.swift; path = Category.swift; sourceTree = "<group>"; };
		364A4AF82C00023C0060736F /* Expense.swift */ = {isa = PBXFileReference; fileEncoding = 4; lastKnownFileType = sourcecode.swift; path = Expense.swift; sourceTree = "<group>"; };
		364A4AFB2C00023C0060736F /* SwiftData_Expense_Tracker_AppApp.swift */ = {isa = PBXFileReference; fileEncoding = 4; lastKnownFileType = sourcecode.swift; path = SwiftData_Expense_Tracker_AppApp.swift; sourceTree = "<group>"; };
		364A4AFD2C00023C0060736F /* CategoryInputView.swift */ = {isa = PBXFileReference; fileEncoding = 4; lastKnownFileType = sourcecode.swift; path = CategoryInputView.swift; sourceTree = "<group>"; };
		364A4AFE2C00023C0060736F /* DetailExpenseView.swift */ = {isa = PBXFileReference; fileEncoding = 4; lastKnownFileType = sourcecode.swift; path = DetailExpenseView.swift; sourceTree = "<group>"; };
		364A4AFF2C00023C0060736F /* EntryExpenseView.swift */ = {isa = PBXFileReference; fileEncoding = 4; lastKnownFileType = sourcecode.swift; path = EntryExpenseView.swift; sourceTree = "<group>"; };
		364A4B002C00023C0060736F /* ExpenseListView.swift */ = {isa = PBXFileReference; fileEncoding = 4; lastKnownFileType = sourcecode.swift; path = ExpenseListView.swift; sourceTree = "<group>"; };
		364A4B022C00023C0060736F /* Assets.xcassets */ = {isa = PBXFileReference; lastKnownFileType = folder.assetcatalog; path = Assets.xcassets; sourceTree = "<group>"; };
		364A4B0E2C0003560060736F /* ContentView.swift */ = {isa = PBXFileReference; fileEncoding = 4; lastKnownFileType = sourcecode.swift; path = ContentView.swift; sourceTree = "<group>"; };
		36D127132BFF8F9B00CEB7D4 /* SwiftData Expense Tracker App.app */ = {isa = PBXFileReference; explicitFileType = wrapper.application; includeInIndex = 0; path = "SwiftData Expense Tracker App.app"; sourceTree = BUILT_PRODUCTS_DIR; };
		36D1271D2BFF8F9C00CEB7D4 /* Preview Assets.xcassets */ = {isa = PBXFileReference; lastKnownFileType = folder.assetcatalog; path = "Preview Assets.xcassets"; sourceTree = "<group>"; };
/* End PBXFileReference section */

/* Begin PBXFrameworksBuildPhase section */
		36D127102BFF8F9B00CEB7D4 /* Frameworks */ = {
			isa = PBXFrameworksBuildPhase;
			buildActionMask = 2147483647;
			files = (
			);
			runOnlyForDeploymentPostprocessing = 0;
		};
/* End PBXFrameworksBuildPhase section */

/* Begin PBXGroup section */
		364A4AF52C00023C0060736F /* Extensions */ = {
			isa = PBXGroup;
			children = (
				364A4AF32C00023C0060736F /* Date+Extensions.swift */,
				364A4AF42C00023C0060736F /* Double+Extensions.swift */,
			);
			path = Extensions;
			sourceTree = "<group>";
		};
		364A4AF62C00023C0060736F /* Utilities */ = {
			isa = PBXGroup;
			children = (
				364A4AF52C00023C0060736F /* Extensions */,
			);
			path = Utilities;
			sourceTree = "<group>";
		};
		364A4AF92C00023C0060736F /* SwiftData */ = {
			isa = PBXGroup;
			children = (
				364A4AF72C00023C0060736F /* Category.swift */,
				364A4AF82C00023C0060736F /* Expense.swift */,
			);
			path = SwiftData;
			sourceTree = "<group>";
		};
		364A4AFA2C00023C0060736F /* Models */ = {
			isa = PBXGroup;
			children = (
				364A4AF92C00023C0060736F /* SwiftData */,
			);
			path = Models;
			sourceTree = "<group>";
		};
		364A4AFC2C00023C0060736F /* App */ = {
			isa = PBXGroup;
			children = (
				364A4AFB2C00023C0060736F /* SwiftData_Expense_Tracker_AppApp.swift */,
			);
			path = App;
			sourceTree = "<group>";
		};
		364A4B012C00023C0060736F /* Views */ = {
			isa = PBXGroup;
			children = (
				364A4B0E2C0003560060736F /* ContentView.swift */,
				364A4AFD2C00023C0060736F /* CategoryInputView.swift */,
				364A4AFE2C00023C0060736F /* DetailExpenseView.swift */,
				364A4AFF2C00023C0060736F /* EntryExpenseView.swift */,
				364A4B002C00023C0060736F /* ExpenseListView.swift */,
			);
			path = Views;
			sourceTree = "<group>";
		};
		364A4B032C00023C0060736F /* Resources */ = {
			isa = PBXGroup;
			children = (
				364A4B022C00023C0060736F /* Assets.xcassets */,
			);
			path = Resources;
			sourceTree = "<group>";
		};
		36D1270A2BFF8F9B00CEB7D4 = {
			isa = PBXGroup;
			children = (
				36D127152BFF8F9B00CEB7D4 /* SwiftData Expense Tracker App */,
				36D127142BFF8F9B00CEB7D4 /* Products */,
			);
			sourceTree = "<group>";
		};
		36D127142BFF8F9B00CEB7D4 /* Products */ = {
			isa = PBXGroup;
			children = (
				36D127132BFF8F9B00CEB7D4 /* SwiftData Expense Tracker App.app */,
			);
			name = Products;
			sourceTree = "<group>";
		};
		36D127152BFF8F9B00CEB7D4 /* SwiftData Expense Tracker App */ = {
			isa = PBXGroup;
			children = (
				364A4AFC2C00023C0060736F /* App */,
				364A4AFA2C00023C0060736F /* Models */,
				364A4B032C00023C0060736F /* Resources */,
				364A4AF62C00023C0060736F /* Utilities */,
				364A4B012C00023C0060736F /* Views */,
				36D1271C2BFF8F9C00CEB7D4 /* Preview Content */,
			);
			path = "SwiftData Expense Tracker App";
			sourceTree = "<group>";
		};
		36D1271C2BFF8F9C00CEB7D4 /* Preview Content */ = {
			isa = PBXGroup;
			children = (
				36D1271D2BFF8F9C00CEB7D4 /* Preview Assets.xcassets */,
			);
			path = "Preview Content";
			sourceTree = "<group>";
		};
/* End PBXGroup section */

/* Begin PBXNativeTarget section */
		36D127122BFF8F9B00CEB7D4 /* SwiftData Expense Tracker App */ = {
			isa = PBXNativeTarget;
			buildConfigurationList = 36D127212BFF8F9C00CEB7D4 /* Build configuration list for PBXNativeTarget "SwiftData Expense Tracker App" */;
			buildPhases = (
				36D1270F2BFF8F9B00CEB7D4 /* Sources */,
				36D127102BFF8F9B00CEB7D4 /* Frameworks */,
				36D127112BFF8F9B00CEB7D4 /* Resources */,
			);
			buildRules = (
			);
			dependencies = (
			);
			name = "SwiftData Expense Tracker App";
			productName = "SwiftData Expense Tracker App";
			productReference = 36D127132BFF8F9B00CEB7D4 /* SwiftData Expense Tracker App.app */;
			productType = "com.apple.product-type.application";
		};
/* End PBXNativeTarget section */

/* Begin PBXProject section */
		36D1270B2BFF8F9B00CEB7D4 /* Project object */ = {
			isa = PBXProject;
			attributes = {
				BuildIndependentTargetsInParallel = 1;
				LastSwiftUpdateCheck = 1540;
				LastUpgradeCheck = 1540;
				TargetAttributes = {
					36D127122BFF8F9B00CEB7D4 = {
						CreatedOnToolsVersion = 15.4;
					};
				};
			};
			buildConfigurationList = 36D1270E2BFF8F9B00CEB7D4 /* Build configuration list for PBXProject "SwiftData Expense Tracker App" */;
			compatibilityVersion = "Xcode 14.0";
			developmentRegion = en;
			hasScannedForEncodings = 0;
			knownRegions = (
				en,
				Base,
			);
			mainGroup = 36D1270A2BFF8F9B00CEB7D4;
			productRefGroup = 36D127142BFF8F9B00CEB7D4 /* Products */;
			projectDirPath = "";
			projectRoot = "";
			targets = (
				36D127122BFF8F9B00CEB7D4 /* SwiftData Expense Tracker App */,
			);
		};
/* End PBXProject section */

/* Begin PBXResourcesBuildPhase section */
		36D127112BFF8F9B00CEB7D4 /* Resources */ = {
			isa = PBXResourcesBuildPhase;
			buildActionMask = 2147483647;
			files = (
				36D1271E2BFF8F9C00CEB7D4 /* Preview Assets.xcassets in Resources */,
				364A4B0D2C00023C0060736F /* Assets.xcassets in Resources */,
			);
			runOnlyForDeploymentPostprocessing = 0;
		};
/* End PBXResourcesBuildPhase section */

/* Begin PBXSourcesBuildPhase section */
		36D1270F2BFF8F9B00CEB7D4 /* Sources */ = {
			isa = PBXSourcesBuildPhase;
			buildActionMask = 2147483647;
			files = (
				364A4B072C00023C0060736F /* Expense.swift in Sources */,
				364A4B052C00023C0060736F /* Double+Extensions.swift in Sources */,
				364A4B0B2C00023C0060736F /* EntryExpenseView.swift in Sources */,
				364A4B0C2C00023C0060736F /* ExpenseListView.swift in Sources */,
				364A4B062C00023C0060736F /* Category.swift in Sources */,
				364A4B092C00023C0060736F /* CategoryInputView.swift in Sources */,
				364A4B0F2C0003560060736F /* ContentView.swift in Sources */,
				364A4B082C00023C0060736F /* SwiftData_Expense_Tracker_AppApp.swift in Sources */,
				364A4B042C00023C0060736F /* Date+Extensions.swift in Sources */,
				364A4B0A2C00023C0060736F /* DetailExpenseView.swift in Sources */,
			);
			runOnlyForDeploymentPostprocessing = 0;
		};
/* End PBXSourcesBuildPhase section */

/* Begin XCBuildConfiguration section */
		36D1271F2BFF8F9C00CEB7D4 /* Debug */ = {
			isa = XCBuildConfiguration;
			buildSettings = {
				ALWAYS_SEARCH_USER_PATHS = NO;
				ASSETCATALOG_COMPILER_GENERATE_SWIFT_ASSET_SYMBOL_EXTENSIONS = YES;
				CLANG_ANALYZER_NONNULL = YES;
				CLANG_ANALYZER_NUMBER_OBJECT_CONVERSION = YES_AGGRESSIVE;
				CLANG_CXX_LANGUAGE_STANDARD = "gnu++20";
				CLANG_ENABLE_MODULES = YES;
				CLANG_ENABLE_OBJC_ARC = YES;
				CLANG_ENABLE_OBJC_WEAK = YES;
				CLANG_WARN_BLOCK_CAPTURE_AUTORELEASING = YES;
				CLANG_WARN_BOOL_CONVERSION = YES;
				CLANG_WARN_COMMA = YES;
				CLANG_WARN_CONSTANT_CONVERSION = YES;
				CLANG_WARN_DEPRECATED_OBJC_IMPLEMENTATIONS = YES;
				CLANG_WARN_DIRECT_OBJC_ISA_USAGE = YES_ERROR;
				CLANG_WARN_DOCUMENTATION_COMMENTS = YES;
				CLANG_WARN_EMPTY_BODY = YES;
				CLANG_WARN_ENUM_CONVERSION = YES;
				CLANG_WARN_INFINITE_RECURSION = YES;
				CLANG_WARN_INT_CONVERSION = YES;
				CLANG_WARN_NON_LITERAL_NULL_CONVERSION = YES;
				CLANG_WARN_OBJC_IMPLICIT_RETAIN_SELF = YES;
				CLANG_WARN_OBJC_LITERAL_CONVERSION = YES;
				CLANG_WARN_OBJC_ROOT_CLASS = YES_ERROR;
				CLANG_WARN_QUOTED_INCLUDE_IN_FRAMEWORK_HEADER = YES;
				CLANG_WARN_RANGE_LOOP_ANALYSIS = YES;
				CLANG_WARN_STRICT_PROTOTYPES = YES;
				CLANG_WARN_SUSPICIOUS_MOVE = YES;
				CLANG_WARN_UNGUARDED_AVAILABILITY = YES_AGGRESSIVE;
				CLANG_WARN_UNREACHABLE_CODE = YES;
				CLANG_WARN__DUPLICATE_METHOD_MATCH = YES;
				COPY_PHASE_STRIP = NO;
				DEBUG_INFORMATION_FORMAT = dwarf;
				ENABLE_STRICT_OBJC_MSGSEND = YES;
				ENABLE_TESTABILITY = YES;
				ENABLE_USER_SCRIPT_SANDBOXING = YES;
				GCC_C_LANGUAGE_STANDARD = gnu17;
				GCC_DYNAMIC_NO_PIC = NO;
				GCC_NO_COMMON_BLOCKS = YES;
				GCC_OPTIMIZATION_LEVEL = 0;
				GCC_PREPROCESSOR_DEFINITIONS = (
					"DEBUG=1",
					"$(inherited)",
				);
				GCC_WARN_64_TO_32_BIT_CONVERSION = YES;
				GCC_WARN_ABOUT_RETURN_TYPE = YES_ERROR;
				GCC_WARN_UNDECLARED_SELECTOR = YES;
				GCC_WARN_UNINITIALIZED_AUTOS = YES_AGGRESSIVE;
				GCC_WARN_UNUSED_FUNCTION = YES;
				GCC_WARN_UNUSED_VARIABLE = YES;
				IPHONEOS_DEPLOYMENT_TARGET = 17.5;
				LOCALIZATION_PREFERS_STRING_CATALOGS = YES;
				MTL_ENABLE_DEBUG_INFO = INCLUDE_SOURCE;
				MTL_FAST_MATH = YES;
				ONLY_ACTIVE_ARCH = YES;
				SDKROOT = iphoneos;
				SWIFT_ACTIVE_COMPILATION_CONDITIONS = "DEBUG $(inherited)";
				SWIFT_OPTIMIZATION_LEVEL = "-Onone";
			};
			name = Debug;
		};
		36D127202BFF8F9C00CEB7D4 /* Release */ = {
			isa = XCBuildConfiguration;
			buildSettings = {
				ALWAYS_SEARCH_USER_PATHS = NO;
				ASSETCATALOG_COMPILER_GENERATE_SWIFT_ASSET_SYMBOL_EXTENSIONS = YES;
				CLANG_ANALYZER_NONNULL = YES;
				CLANG_ANALYZER_NUMBER_OBJECT_CONVERSION = YES_AGGRESSIVE;
				CLANG_CXX_LANGUAGE_STANDARD = "gnu++20";
				CLANG_ENABLE_MODULES = YES;
				CLANG_ENABLE_OBJC_ARC = YES;
				CLANG_ENABLE_OBJC_WEAK = YES;
				CLANG_WARN_BLOCK_CAPTURE_AUTORELEASING = YES;
				CLANG_WARN_BOOL_CONVERSION = YES;
				CLANG_WARN_COMMA = YES;
				CLANG_WARN_CONSTANT_CONVERSION = YES;
				CLANG_WARN_DEPRECATED_OBJC_IMPLEMENTATIONS = YES;
				CLANG_WARN_DIRECT_OBJC_ISA_USAGE = YES_ERROR;
				CLANG_WARN_DOCUMENTATION_COMMENTS = YES;
				CLANG_WARN_EMPTY_BODY = YES;
				CLANG_WARN_ENUM_CONVERSION = YES;
				CLANG_WARN_INFINITE_RECURSION = YES;
				CLANG_WARN_INT_CONVERSION = YES;
				CLANG_WARN_NON_LITERAL_NULL_CONVERSION = YES;
				CLANG_WARN_OBJC_IMPLICIT_RETAIN_SELF = YES;
				CLANG_WARN_OBJC_LITERAL_CONVERSION = YES;
				CLANG_WARN_OBJC_ROOT_CLASS = YES_ERROR;
				CLANG_WARN_QUOTED_INCLUDE_IN_FRAMEWORK_HEADER = YES;
				CLANG_WARN_RANGE_LOOP_ANALYSIS = YES;
				CLANG_WARN_STRICT_PROTOTYPES = YES;
				CLANG_WARN_SUSPICIOUS_MOVE = YES;
				CLANG_WARN_UNGUARDED_AVAILABILITY = YES_AGGRESSIVE;
				CLANG_WARN_UNREACHABLE_CODE = YES;
				CLANG_WARN__DUPLICATE_METHOD_MATCH = YES;
				COPY_PHASE_STRIP = NO;
				DEBUG_INFORMATION_FORMAT = "dwarf-with-dsym";
				ENABLE_NS_ASSERTIONS = NO;
				ENABLE_STRICT_OBJC_MSGSEND = YES;
				ENABLE_USER_SCRIPT_SANDBOXING = YES;
				GCC_C_LANGUAGE_STANDARD = gnu17;
				GCC_NO_COMMON_BLOCKS = YES;
				GCC_WARN_64_TO_32_BIT_CONVERSION = YES;
				GCC_WARN_ABOUT_RETURN_TYPE = YES_ERROR;
				GCC_WARN_UNDECLARED_SELECTOR = YES;
				GCC_WARN_UNINITIALIZED_AUTOS = YES_AGGRESSIVE;
				GCC_WARN_UNUSED_FUNCTION = YES;
				GCC_WARN_UNUSED_VARIABLE = YES;
				IPHONEOS_DEPLOYMENT_TARGET = 17.5;
				LOCALIZATION_PREFERS_STRING_CATALOGS = YES;
				MTL_ENABLE_DEBUG_INFO = NO;
				MTL_FAST_MATH = YES;
				SDKROOT = iphoneos;
				SWIFT_COMPILATION_MODE = wholemodule;
				VALIDATE_PRODUCT = YES;
			};
			name = Release;
		};
		36D127222BFF8F9C00CEB7D4 /* Debug */ = {
			isa = XCBuildConfiguration;
			buildSettings = {
				ASSETCATALOG_COMPILER_APPICON_NAME = AppIcon;
				ASSETCATALOG_COMPILER_GLOBAL_ACCENT_COLOR_NAME = AccentColor;
				CODE_SIGN_STYLE = Automatic;
				CURRENT_PROJECT_VERSION = 1;
				DEVELOPMENT_ASSET_PATHS = "\"SwiftData Expense Tracker App/Preview Content\"";
				DEVELOPMENT_TEAM = 73TW42T8UJ;
				ENABLE_PREVIEWS = YES;
				GENERATE_INFOPLIST_FILE = YES;
				INFOPLIST_KEY_UIApplicationSceneManifest_Generation = YES;
				INFOPLIST_KEY_UIApplicationSupportsIndirectInputEvents = YES;
				INFOPLIST_KEY_UILaunchScreen_Generation = YES;
				INFOPLIST_KEY_UISupportedInterfaceOrientations_iPad = "UIInterfaceOrientationPortrait UIInterfaceOrientationPortraitUpsideDown UIInterfaceOrientationLandscapeLeft UIInterfaceOrientationLandscapeRight";
				INFOPLIST_KEY_UISupportedInterfaceOrientations_iPhone = "UIInterfaceOrientationPortrait UIInterfaceOrientationLandscapeLeft UIInterfaceOrientationLandscapeRight";
				LD_RUNPATH_SEARCH_PATHS = (
					"$(inherited)",
					"@executable_path/Frameworks",
				);
				MARKETING_VERSION = 1.0;
				PRODUCT_BUNDLE_IDENTIFIER = "rizal.hilman.com.SwiftData-Expense-Tracker-App";
				PRODUCT_NAME = "$(TARGET_NAME)";
				SWIFT_EMIT_LOC_STRINGS = YES;
				SWIFT_VERSION = 5.0;
				TARGETED_DEVICE_FAMILY = "1,2";
			};
			name = Debug;
		};
		36D127232BFF8F9C00CEB7D4 /* Release */ = {
			isa = XCBuildConfiguration;
			buildSettings = {
				ASSETCATALOG_COMPILER_APPICON_NAME = AppIcon;
				ASSETCATALOG_COMPILER_GLOBAL_ACCENT_COLOR_NAME = AccentColor;
				CODE_SIGN_STYLE = Automatic;
				CURRENT_PROJECT_VERSION = 1;
				DEVELOPMENT_ASSET_PATHS = "\"SwiftData Expense Tracker App/Preview Content\"";
				DEVELOPMENT_TEAM = 73TW42T8UJ;
				ENABLE_PREVIEWS = YES;
				GENERATE_INFOPLIST_FILE = YES;
				INFOPLIST_KEY_UIApplicationSceneManifest_Generation = YES;
				INFOPLIST_KEY_UIApplicationSupportsIndirectInputEvents = YES;
				INFOPLIST_KEY_UILaunchScreen_Generation = YES;
				INFOPLIST_KEY_UISupportedInterfaceOrientations_iPad = "UIInterfaceOrientationPortrait UIInterfaceOrientationPortraitUpsideDown UIInterfaceOrientationLandscapeLeft UIInterfaceOrientationLandscapeRight";
				INFOPLIST_KEY_UISupportedInterfaceOrientations_iPhone = "UIInterfaceOrientationPortrait UIInterfaceOrientationLandscapeLeft UIInterfaceOrientationLandscapeRight";
				LD_RUNPATH_SEARCH_PATHS = (
					"$(inherited)",
					"@executable_path/Frameworks",
				);
				MARKETING_VERSION = 1.0;
				PRODUCT_BUNDLE_IDENTIFIER = "rizal.hilman.com.SwiftData-Expense-Tracker-App";
				PRODUCT_NAME = "$(TARGET_NAME)";
				SWIFT_EMIT_LOC_STRINGS = YES;
				SWIFT_VERSION = 5.0;
				TARGETED_DEVICE_FAMILY = "1,2";
			};
			name = Release;
		};
/* End XCBuildConfiguration section */

/* Begin XCConfigurationList section */
		36D1270E2BFF8F9B00CEB7D4 /* Build configuration list for PBXProject "SwiftData Expense Tracker App" */ = {
			isa = XCConfigurationList;
			buildConfigurations = (
				36D1271F2BFF8F9C00CEB7D4 /* Debug */,
				36D127202BFF8F9C00CEB7D4 /* Release */,
			);
			defaultConfigurationIsVisible = 0;
			defaultConfigurationName = Release;
		};
		36D127212BFF8F9C00CEB7D4 /* Build configuration list for PBXNativeTarget "SwiftData Expense Tracker App" */ = {
			isa = XCConfigurationList;
			buildConfigurations = (
				36D127222BFF8F9C00CEB7D4 /* Debug */,
				36D127232BFF8F9C00CEB7D4 /* Release */,
			);
			defaultConfigurationIsVisible = 0;
			defaultConfigurationName = Release;
		};
/* End XCConfigurationList section */
	};
	rootObject = 36D1270B2BFF8F9B00CEB7D4 /* Project object */;
}
